
Microsoft Visual Studio Solution File, Format Version 12.00
# Visual Studio Version 16
VisualStudioVersion = 16.0.30804.86
MinimumVisualStudioVersion = 10.0.40219.1
Project("{9A19103F-16F7-4668-BE54-9A1E7A4F7556}") = "PermissionBlazorApp.Server", "PermissionBlazorApp\Server\PermissionBlazorApp.Server.csproj", "{499D2082-48DB-4B70-9999-D7EEAF7166E1}"
EndProject
Project("{9A19103F-16F7-4668-BE54-9A1E7A4F7556}") = "PermissionBlazorApp.Client", "PermissionBlazorApp\Client\PermissionBlazorApp.Client.csproj", "{5A040AA5-7BDA-48F0-B1A0-58A17BA404D4}"
EndProject
Project("{9A19103F-16F7-4668-BE54-9A1E7A4F7556}") = "PermissionBlazorApp.Shared", "PermissionBlazorApp\Shared\PermissionBlazorApp.Shared.csproj", "{9DCE4485-3164-43C4-99A3-C5AF08470377}"
EndProject
Global
	GlobalSection(SolutionConfigurationPlatforms) = preSolution
		Debug|Any CPU = Debug|Any CPU
		Release|Any CPU = Release|Any CPU
	EndGlobalSection
	GlobalSection(ProjectConfigurationPlatforms) = postSolution
		{499D2082-48DB-4B70-9999-D7EEAF7166E1}.Debug|Any CPU.ActiveCfg = Debug|Any CPU
		{499D2082-48DB-4B70-9999-D7EEAF7166E1}.Debug|Any CPU.Build.0 = Debug|Any CPU
		{499D2082-48DB-4B70-9999-D7EEAF7166E1}.Release|Any CPU.ActiveCfg = Release|Any CPU
		{499D2082-48DB-4B70-9999-D7EEAF7166E1}.Release|Any CPU.Build.0 = Release|Any CPU
		{5A040AA5-7BDA-48F0-B1A0-58A17BA404D4}.Debug|Any CPU.ActiveCfg = Debug|Any CPU
		{5A040AA5-7BDA-48F0-B1A0-58A17BA404D4}.Debug|Any CPU.Build.0 = Debug|Any CPU
		{5A040AA5-7BDA-48F0-B1A0-58A17BA404D4}.Release|Any CPU.ActiveCfg = Release|Any CPU
		{5A040AA5-7BDA-48F0-B1A0-58A17BA404D4}.Release|Any CPU.Build.0 = Release|Any CPU
		{9DCE4485-3164-43C4-99A3-C5AF08470377}.Debug|Any CPU.ActiveCfg = Debug|Any CPU
		{9DCE4485-3164-43C4-99A3-C5AF08470377}.Debug|Any CPU.Build.0 = Debug|Any CPU
		{9DCE4485-3164-43C4-99A3-C5AF08470377}.Release|Any CPU.ActiveCfg = Release|Any CPU
		{9DCE4485-3164-43C4-99A3-C5AF08470377}.Release|Any CPU.Build.0 = Release|Any CPU
	EndGlobalSection
	GlobalSection(SolutionProperties) = preSolution
		HideSolutionNode = FALSE
	EndGlobalSection
	GlobalSection(ExtensibilityGlobals) = postSolution
		SolutionGuid = {B880D4D8-242A-4A4E-80EC-373EA8C57C33}
	EndGlobalSection
EndGlobal
